
Microsoft Visual Studio Solution File, Format Version 12.00
# Visual Studio Version 17
VisualStudioVersion = 17.14.36202.13 d17.14
MinimumVisualStudioVersion = 10.0.40219.1
Project("{FAE04EC0-301F-11D3-BF4B-00C04F79EFBC}") = "TestContainerTest", "TestContainerTest.csproj", "{1859A124-C4FB-4D74-AFB8-3C0A287C3ED4}"
EndProject
Project("{FAE04EC0-301F-11D3-BF4B-00C04F79EFBC}") = "TestContainerTest.Test", "..\TestContainerTest.Test\TestContainerTest.Test.csproj", "{B40369BB-A4DB-4B55-92DE-A7D02CEC2A6A}"
EndProject
Global
	GlobalSection(SolutionConfigurationPlatforms) = preSolution
		Debug|Any CPU = Debug|Any CPU
		Release|Any CPU = Release|Any CPU
	EndGlobalSection
	GlobalSection(ProjectConfigurationPlatforms) = postSolution
		{1859A124-C4FB-4D74-AFB8-3C0A287C3ED4}.Debug|Any CPU.ActiveCfg = Debug|Any CPU
		{1859A124-C4FB-4D74-AFB8-3C0A287C3ED4}.Debug|Any CPU.Build.0 = Debug|Any CPU
		{1859A124-C4FB-4D74-AFB8-3C0A287C3ED4}.Release|Any CPU.ActiveCfg = Release|Any CPU
		{1859A124-C4FB-4D74-AFB8-3C0A287C3ED4}.Release|Any CPU.Build.0 = Release|Any CPU
		{B40369BB-A4DB-4B55-92DE-A7D02CEC2A6A}.Debug|Any CPU.ActiveCfg = Debug|Any CPU
		{B40369BB-A4DB-4B55-92DE-A7D02CEC2A6A}.Debug|Any CPU.Build.0 = Debug|Any CPU
		{B40369BB-A4DB-4B55-92DE-A7D02CEC2A6A}.Release|Any CPU.ActiveCfg = Release|Any CPU
		{B40369BB-A4DB-4B55-92DE-A7D02CEC2A6A}.Release|Any CPU.Build.0 = Release|Any CPU
	EndGlobalSection
	GlobalSection(SolutionProperties) = preSolution
		HideSolutionNode = FALSE
	EndGlobalSection
	GlobalSection(ExtensibilityGlobals) = postSolution
		SolutionGuid = {BEBB433A-9FC3-4071-945B-4CED9C08438F}
	EndGlobalSection
EndGlobal
